// !$*UTF8*$!
{
	archiveVersion = 1;
	classes = {
	};
	objectVersion = 56;
	objects = {

/* Begin PBXBuildFile section */
		A10000010000000000000001 /* AppDelegate.swift in Sources */ = {isa = PBXBuildFile; fileRef = A20000010000000000000001 /* AppDelegate.swift */; };
		A10000010000000000000002 /* Assets.xcassets in Resources */ = {isa = PBXBuildFile; fileRef = A20000010000000000000002 /* Assets.xcassets */; };
		A10000010000000000000010 /* ClipySecureTests.swift in Sources */ = {isa = PBXBuildFile; fileRef = A20000010000000000000010 /* ClipySecureTests.swift */; };
		A10000010000000000000020 /* GRDB in Frameworks */ = {isa = PBXBuildFile; productRef = A60000010000000000000001 /* GRDB */; };
		A10000010000000000000100 /* Constants.swift in Sources */ = {isa = PBXBuildFile; fileRef = A20000010000000000000100 /* Constants.swift */; };
		A10000010000000000000101 /* String+Truncate.swift in Sources */ = {isa = PBXBuildFile; fileRef = A20000010000000000000101 /* String+Truncate.swift */; };
		A10000010000000000000102 /* ClipItem.swift in Sources */ = {isa = PBXBuildFile; fileRef = A20000010000000000000102 /* ClipItem.swift */; };
		A10000010000000000000103 /* DatabaseService.swift in Sources */ = {isa = PBXBuildFile; fileRef = A20000010000000000000103 /* DatabaseService.swift */; };
		A10000010000000000000104 /* ClipboardMonitor.swift in Sources */ = {isa = PBXBuildFile; fileRef = A20000010000000000000104 /* ClipboardMonitor.swift */; };
		A10000010000000000000105 /* StatusBarController.swift in Sources */ = {isa = PBXBuildFile; fileRef = A20000010000000000000105 /* StatusBarController.swift */; };
		A10000010000000000000260 /* ClipMenuBuilder.swift in Sources */ = {isa = PBXBuildFile; fileRef = A20000010000000000000260 /* ClipMenuBuilder.swift */; };
		A10000010000000000000106 /* main.swift in Sources */ = {isa = PBXBuildFile; fileRef = A20000010000000000000106 /* main.swift */; };
		A10000010000000000000900 /* WindowPresentation.swift in Sources */ = {isa = PBXBuildFile; fileRef = A20000010000000000000900 /* WindowPresentation.swift */; };
		A10000010000000000000901 /* MainMenu.swift in Sources */ = {isa = PBXBuildFile; fileRef = A20000010000000000000901 /* MainMenu.swift */; };
		A10000010000000000000200 /* EncryptionKeyManager.swift in Sources */ = {isa = PBXBuildFile; fileRef = A20000010000000000000200 /* EncryptionKeyManager.swift */; };
		A10000010000000000000201 /* ClipContent.swift in Sources */ = {isa = PBXBuildFile; fileRef = A20000010000000000000201 /* ClipContent.swift */; };
		A10000010000000000000202 /* PasteboardReader.swift in Sources */ = {isa = PBXBuildFile; fileRef = A20000010000000000000202 /* PasteboardReader.swift */; };
		A10000010000000000000700 /* FieldEncryption.swift in Sources */ = {isa = PBXBuildFile; fileRef = A20000010000000000000700 /* FieldEncryption.swift */; };
		A10000010000000000000701 /* PrivacyInfo.xcprivacy in Resources */ = {isa = PBXBuildFile; fileRef = A20000010000000000000701 /* PrivacyInfo.xcprivacy */; };
		A10000010000000000000203 /* NSImage+Resize.swift in Sources */ = {isa = PBXBuildFile; fileRef = A20000010000000000000203 /* NSImage+Resize.swift */; };
		A10000010000000000000250 /* Logger+App.swift in Sources */ = {isa = PBXBuildFile; fileRef = A20000010000000000000250 /* Logger+App.swift */; };
		A10000010000000000000204 /* DataCleanupService.swift in Sources */ = {isa = PBXBuildFile; fileRef = A20000010000000000000204 /* DataCleanupService.swift */; };
		A10000010000000000000300 /* SnippetFolder.swift in Sources */ = {isa = PBXBuildFile; fileRef = A20000010000000000000300 /* SnippetFolder.swift */; };
		A10000010000000000000301 /* Snippet.swift in Sources */ = {isa = PBXBuildFile; fileRef = A20000010000000000000301 /* Snippet.swift */; };
		A10000010000000000000302 /* SnippetEditorViewModel.swift in Sources */ = {isa = PBXBuildFile; fileRef = A20000010000000000000302 /* SnippetEditorViewModel.swift */; };
		A10000010000000000000303 /* SnippetEditorWindow.swift in Sources */ = {isa = PBXBuildFile; fileRef = A20000010000000000000303 /* SnippetEditorWindow.swift */; };
		A10000010000000000000304 /* SnippetEditorView.swift in Sources */ = {isa = PBXBuildFile; fileRef = A20000010000000000000304 /* SnippetEditorView.swift */; };
		A10000010000000000000305 /* SnippetImportExport.swift in Sources */ = {isa = PBXBuildFile; fileRef = A20000010000000000000305 /* SnippetImportExport.swift */; };
		A10000010000000000000400 /* HotKeyService.swift in Sources */ = {isa = PBXBuildFile; fileRef = A20000010000000000000400 /* HotKeyService.swift */; };
		A10000010000000000000401 /* PasteService.swift in Sources */ = {isa = PBXBuildFile; fileRef = A20000010000000000000401 /* PasteService.swift */; };
		A10000010000000000000402 /* AccessibilityService.swift in Sources */ = {isa = PBXBuildFile; fileRef = A20000010000000000000402 /* AccessibilityService.swift */; };
		A10000010000000000000021 /* KeyboardShortcuts in Frameworks */ = {isa = PBXBuildFile; productRef = A60000010000000000000002 /* KeyboardShortcuts */; };
		A10000010000000000000022 /* Defaults in Frameworks */ = {isa = PBXBuildFile; productRef = A60000010000000000000003 /* Defaults */; };
		A10000010000000000000500 /* AppSettings.swift in Sources */ = {isa = PBXBuildFile; fileRef = A20000010000000000000500 /* AppSettings.swift */; };
		A10000010000000000000501 /* ExcludedApp.swift in Sources */ = {isa = PBXBuildFile; fileRef = A20000010000000000000501 /* ExcludedApp.swift */; };
		A10000010000000000000502 /* ExcludeAppService.swift in Sources */ = {isa = PBXBuildFile; fileRef = A20000010000000000000502 /* ExcludeAppService.swift */; };
		A10000010000000000000503 /* PreferencesWindow.swift in Sources */ = {isa = PBXBuildFile; fileRef = A20000010000000000000503 /* PreferencesWindow.swift */; };
		A10000010000000000000504 /* GeneralSettingsView.swift in Sources */ = {isa = PBXBuildFile; fileRef = A20000010000000000000504 /* GeneralSettingsView.swift */; };
		A10000010000000000000505 /* MenuSettingsView.swift in Sources */ = {isa = PBXBuildFile; fileRef = A20000010000000000000505 /* MenuSettingsView.swift */; };
		A10000010000000000000506 /* TypeSettingsView.swift in Sources */ = {isa = PBXBuildFile; fileRef = A20000010000000000000506 /* TypeSettingsView.swift */; };
		A10000010000000000000507 /* ShortcutSettingsView.swift in Sources */ = {isa = PBXBuildFile; fileRef = A20000010000000000000507 /* ShortcutSettingsView.swift */; };
		A10000010000000000000508 /* ExcludedAppsView.swift in Sources */ = {isa = PBXBuildFile; fileRef = A20000010000000000000508 /* ExcludedAppsView.swift */; };
		A10000010000000000000509 /* PrivacySettingsView.swift in Sources */ = {isa = PBXBuildFile; fileRef = A20000010000000000000509 /* PrivacySettingsView.swift */; };
		A10000010000000000000510 /* HistoryPanelController.swift in Sources */ = {isa = PBXBuildFile; fileRef = A20000010000000000000510 /* HistoryPanelController.swift */; };
		A10000010000000000000511 /* HistoryListView.swift in Sources */ = {isa = PBXBuildFile; fileRef = A20000010000000000000511 /* HistoryListView.swift */; };
		A10000010000000000000512 /* ClipItemRow.swift in Sources */ = {isa = PBXBuildFile; fileRef = A20000010000000000000512 /* ClipItemRow.swift */; };
		A10000010000000000000023 /* LaunchAtLogin in Frameworks */ = {isa = PBXBuildFile; productRef = A60000010000000000000004 /* LaunchAtLogin */; };
		A10000010000000000000600 /* OnboardingWindow.swift in Sources */ = {isa = PBXBuildFile; fileRef = A20000010000000000000600 /* OnboardingWindow.swift */; };
		A10000010000000000000601 /* OnboardingView.swift in Sources */ = {isa = PBXBuildFile; fileRef = A20000010000000000000601 /* OnboardingView.swift */; };
		A10000010000000000000602 /* Localizable.xcstrings in Resources */ = {isa = PBXBuildFile; fileRef = A20000010000000000000602 /* Localizable.xcstrings */; };
		A10000010000000000000800 /* MarkdownDetector.swift in Sources */ = {isa = PBXBuildFile; fileRef = A20000010000000000000800 /* MarkdownDetector.swift */; };
/* End PBXBuildFile section */

/* Begin PBXContainerItemProxy section */
		A30000010000000000000001 /* PBXContainerItemProxy */ = {
			isa = PBXContainerItemProxy;
			containerPortal = A40000010000000000000001 /* Project object */;
			proxyType = 1;
			remoteGlobalIDString = A50000010000000000000001;
			remoteInfo = ClipySecure;
		};
/* End PBXContainerItemProxy section */

/* Begin PBXFileReference section */
		A20000010000000000000001 /* AppDelegate.swift */ = {isa = PBXFileReference; lastKnownFileType = sourcecode.swift; path = AppDelegate.swift; sourceTree = "<group>"; };
		A20000010000000000000002 /* Assets.xcassets */ = {isa = PBXFileReference; lastKnownFileType = folder.assetcatalog; path = Assets.xcassets; sourceTree = "<group>"; };
		A20000010000000000000003 /* ClipySecure.entitlements */ = {isa = PBXFileReference; lastKnownFileType = text.plist.entitlements; path = ClipySecure.entitlements; sourceTree = "<group>"; };
		A20000010000000000000004 /* Info.plist */ = {isa = PBXFileReference; lastKnownFileType = text.plist.xml; path = Info.plist; sourceTree = "<group>"; };
		A20000010000000000000005 /* ClipySecure.app */ = {isa = PBXFileReference; explicitFileType = wrapper.application; includeInIndex = 0; path = ClipySecure.app; sourceTree = BUILT_PRODUCTS_DIR; };
		A20000010000000000000010 /* ClipySecureTests.swift */ = {isa = PBXFileReference; lastKnownFileType = sourcecode.swift; path = ClipySecureTests.swift; sourceTree = "<group>"; };
		A20000010000000000000011 /* ClipySecureTests.xctest */ = {isa = PBXFileReference; explicitFileType = wrapper.cfbundle; includeInIndex = 0; path = ClipySecureTests.xctest; sourceTree = BUILT_PRODUCTS_DIR; };
		A20000010000000000000100 /* Constants.swift */ = {isa = PBXFileReference; lastKnownFileType = sourcecode.swift; path = Constants.swift; sourceTree = "<group>"; };
		A20000010000000000000101 /* String+Truncate.swift */ = {isa = PBXFileReference; lastKnownFileType = sourcecode.swift; path = "String+Truncate.swift"; sourceTree = "<group>"; };
		A20000010000000000000102 /* ClipItem.swift */ = {isa = PBXFileReference; lastKnownFileType = sourcecode.swift; path = ClipItem.swift; sourceTree = "<group>"; };
		A20000010000000000000103 /* DatabaseService.swift */ = {isa = PBXFileReference; lastKnownFileType = sourcecode.swift; path = DatabaseService.swift; sourceTree = "<group>"; };
		A20000010000000000000104 /* ClipboardMonitor.swift */ = {isa = PBXFileReference; lastKnownFileType = sourcecode.swift; path = ClipboardMonitor.swift; sourceTree = "<group>"; };
		A20000010000000000000105 /* StatusBarController.swift */ = {isa = PBXFileReference; lastKnownFileType = sourcecode.swift; path = StatusBarController.swift; sourceTree = "<group>"; };
		A20000010000000000000260 /* ClipMenuBuilder.swift */ = {isa = PBXFileReference; lastKnownFileType = sourcecode.swift; path = ClipMenuBuilder.swift; sourceTree = "<group>"; };
		A20000010000000000000106 /* main.swift */ = {isa = PBXFileReference; lastKnownFileType = sourcecode.swift; path = main.swift; sourceTree = "<group>"; };
		A20000010000000000000900 /* WindowPresentation.swift */ = {isa = PBXFileReference; lastKnownFileType = sourcecode.swift; path = WindowPresentation.swift; sourceTree = "<group>"; };
		A20000010000000000000901 /* MainMenu.swift */ = {isa = PBXFileReference; lastKnownFileType = sourcecode.swift; path = MainMenu.swift; sourceTree = "<group>"; };
		A20000010000000000000200 /* EncryptionKeyManager.swift */ = {isa = PBXFileReference; lastKnownFileType = sourcecode.swift; path = EncryptionKeyManager.swift; sourceTree = "<group>"; };
		A20000010000000000000201 /* ClipContent.swift */ = {isa = PBXFileReference; lastKnownFileType = sourcecode.swift; path = ClipContent.swift; sourceTree = "<group>"; };
		A20000010000000000000202 /* PasteboardReader.swift */ = {isa = PBXFileReference; lastKnownFileType = sourcecode.swift; path = PasteboardReader.swift; sourceTree = "<group>"; };
		A20000010000000000000700 /* FieldEncryption.swift */ = {isa = PBXFileReference; lastKnownFileType = sourcecode.swift; path = FieldEncryption.swift; sourceTree = "<group>"; };
		A20000010000000000000701 /* PrivacyInfo.xcprivacy */ = {isa = PBXFileReference; lastKnownFileType = text.xml; path = PrivacyInfo.xcprivacy; sourceTree = "<group>"; };
		A20000010000000000000203 /* NSImage+Resize.swift */ = {isa = PBXFileReference; lastKnownFileType = sourcecode.swift; path = "NSImage+Resize.swift"; sourceTree = "<group>"; };
		A20000010000000000000250 /* Logger+App.swift */ = {isa = PBXFileReference; lastKnownFileType = sourcecode.swift; path = "Logger+App.swift"; sourceTree = "<group>"; };
		A20000010000000000000204 /* DataCleanupService.swift */ = {isa = PBXFileReference; lastKnownFileType = sourcecode.swift; path = DataCleanupService.swift; sourceTree = "<group>"; };
		A20000010000000000000300 /* SnippetFolder.swift */ = {isa = PBXFileReference; lastKnownFileType = sourcecode.swift; path = SnippetFolder.swift; sourceTree = "<group>"; };
		A20000010000000000000301 /* Snippet.swift */ = {isa = PBXFileReference; lastKnownFileType = sourcecode.swift; path = Snippet.swift; sourceTree = "<group>"; };
		A20000010000000000000302 /* SnippetEditorViewModel.swift */ = {isa = PBXFileReference; lastKnownFileType = sourcecode.swift; path = SnippetEditorViewModel.swift; sourceTree = "<group>"; };
		A20000010000000000000303 /* SnippetEditorWindow.swift */ = {isa = PBXFileReference; lastKnownFileType = sourcecode.swift; path = SnippetEditorWindow.swift; sourceTree = "<group>"; };
		A20000010000000000000304 /* SnippetEditorView.swift */ = {isa = PBXFileReference; lastKnownFileType = sourcecode.swift; path = SnippetEditorView.swift; sourceTree = "<group>"; };
		A20000010000000000000305 /* SnippetImportExport.swift */ = {isa = PBXFileReference; lastKnownFileType = sourcecode.swift; path = SnippetImportExport.swift; sourceTree = "<group>"; };
		A20000010000000000000400 /* HotKeyService.swift */ = {isa = PBXFileReference; lastKnownFileType = sourcecode.swift; path = HotKeyService.swift; sourceTree = "<group>"; };
		A20000010000000000000401 /* PasteService.swift */ = {isa = PBXFileReference; lastKnownFileType = sourcecode.swift; path = PasteService.swift; sourceTree = "<group>"; };
		A20000010000000000000402 /* AccessibilityService.swift */ = {isa = PBXFileReference; lastKnownFileType = sourcecode.swift; path = AccessibilityService.swift; sourceTree = "<group>"; };
		A20000010000000000000500 /* AppSettings.swift */ = {isa = PBXFileReference; lastKnownFileType = sourcecode.swift; path = AppSettings.swift; sourceTree = "<group>"; };
		A20000010000000000000501 /* ExcludedApp.swift */ = {isa = PBXFileReference; lastKnownFileType = sourcecode.swift; path = ExcludedApp.swift; sourceTree = "<group>"; };
		A20000010000000000000502 /* ExcludeAppService.swift */ = {isa = PBXFileReference; lastKnownFileType = sourcecode.swift; path = ExcludeAppService.swift; sourceTree = "<group>"; };
		A20000010000000000000503 /* PreferencesWindow.swift */ = {isa = PBXFileReference; lastKnownFileType = sourcecode.swift; path = PreferencesWindow.swift; sourceTree = "<group>"; };
		A20000010000000000000504 /* GeneralSettingsView.swift */ = {isa = PBXFileReference; lastKnownFileType = sourcecode.swift; path = GeneralSettingsView.swift; sourceTree = "<group>"; };
		A20000010000000000000505 /* MenuSettingsView.swift */ = {isa = PBXFileReference; lastKnownFileType = sourcecode.swift; path = MenuSettingsView.swift; sourceTree = "<group>"; };
		A20000010000000000000506 /* TypeSettingsView.swift */ = {isa = PBXFileReference; lastKnownFileType = sourcecode.swift; path = TypeSettingsView.swift; sourceTree = "<group>"; };
		A20000010000000000000507 /* ShortcutSettingsView.swift */ = {isa = PBXFileReference; lastKnownFileType = sourcecode.swift; path = ShortcutSettingsView.swift; sourceTree = "<group>"; };
		A20000010000000000000508 /* ExcludedAppsView.swift */ = {isa = PBXFileReference; lastKnownFileType = sourcecode.swift; path = ExcludedAppsView.swift; sourceTree = "<group>"; };
		A20000010000000000000509 /* PrivacySettingsView.swift */ = {isa = PBXFileReference; lastKnownFileType = sourcecode.swift; path = PrivacySettingsView.swift; sourceTree = "<group>"; };
		A20000010000000000000510 /* HistoryPanelController.swift */ = {isa = PBXFileReference; lastKnownFileType = sourcecode.swift; path = HistoryPanelController.swift; sourceTree = "<group>"; };
		A20000010000000000000511 /* HistoryListView.swift */ = {isa = PBXFileReference; lastKnownFileType = sourcecode.swift; path = HistoryListView.swift; sourceTree = "<group>"; };
		A20000010000000000000512 /* ClipItemRow.swift */ = {isa = PBXFileReference; lastKnownFileType = sourcecode.swift; path = ClipItemRow.swift; sourceTree = "<group>"; };
		A20000010000000000000600 /* OnboardingWindow.swift */ = {isa = PBXFileReference; lastKnownFileType = sourcecode.swift; path = OnboardingWindow.swift; sourceTree = "<group>"; };
		A20000010000000000000601 /* OnboardingView.swift */ = {isa = PBXFileReference; lastKnownFileType = sourcecode.swift; path = OnboardingView.swift; sourceTree = "<group>"; };
		A20000010000000000000602 /* Localizable.xcstrings */ = {isa = PBXFileReference; lastKnownFileType = text.json.xcstrings; path = Localizable.xcstrings; sourceTree = "<group>"; };
		A20000010000000000000800 /* MarkdownDetector.swift */ = {isa = PBXFileReference; lastKnownFileType = sourcecode.swift; path = MarkdownDetector.swift; sourceTree = "<group>"; };
/* End PBXFileReference section */

/* Begin PBXFrameworksBuildPhase section */
		A50000020000000000000001 /* Frameworks */ = {
			isa = PBXFrameworksBuildPhase;
			buildActionMask = 2147483647;
			files = (
				A10000010000000000000020 /* GRDB in Frameworks */,
				A10000010000000000000021 /* KeyboardShortcuts in Frameworks */,
				A10000010000000000000022 /* Defaults in Frameworks */,
				A10000010000000000000023 /* LaunchAtLogin in Frameworks */,
			);
			runOnlyForDeploymentPostprocessing = 0;
		};
		A50000020000000000000002 /* Frameworks */ = {
			isa = PBXFrameworksBuildPhase;
			buildActionMask = 2147483647;
			files = (
			);
			runOnlyForDeploymentPostprocessing = 0;
		};
/* End PBXFrameworksBuildPhase section */

/* Begin PBXGroup section */
		A70000010000000000000001 = {
			isa = PBXGroup;
			children = (
				A70000010000000000000002 /* ClipySecure */,
				A70000010000000000000008 /* ClipySecureTests */,
				A70000010000000000000009 /* Products */,
			);
			sourceTree = "<group>";
		};
		A70000010000000000000002 /* ClipySecure */ = {
			isa = PBXGroup;
			children = (
				A70000010000000000000003 /* App */,
				A70000010000000000000004 /* Models */,
				A70000010000000000000005 /* Services */,
				A70000010000000000000105 /* ViewModels */,
				A70000010000000000000006 /* Views */,
				A70000010000000000000106 /* Extensions */,
				A70000010000000000000107 /* Utilities */,
				A70000010000000000000007 /* Resources */,
			);
			path = ClipySecure;
			sourceTree = "<group>";
		};
		A70000010000000000000003 /* App */ = {
			isa = PBXGroup;
			children = (
				A20000010000000000000106 /* main.swift */,
				A20000010000000000000001 /* AppDelegate.swift */,
				A20000010000000000000900 /* WindowPresentation.swift */,
				A20000010000000000000901 /* MainMenu.swift */,
			);
			path = App;
			sourceTree = "<group>";
		};
		A70000010000000000000004 /* Models */ = {
			isa = PBXGroup;
			children = (
				A20000010000000000000102 /* ClipItem.swift */,
				A20000010000000000000201 /* ClipContent.swift */,
				A20000010000000000000300 /* SnippetFolder.swift */,
				A20000010000000000000301 /* Snippet.swift */,
				A20000010000000000000500 /* AppSettings.swift */,
				A20000010000000000000501 /* ExcludedApp.swift */,
			);
			path = Models;
			sourceTree = "<group>";
		};
		A70000010000000000000005 /* Services */ = {
			isa = PBXGroup;
			children = (
				A20000010000000000000103 /* DatabaseService.swift */,
				A20000010000000000000104 /* ClipboardMonitor.swift */,
				A20000010000000000000200 /* EncryptionKeyManager.swift */,
				A20000010000000000000700 /* FieldEncryption.swift */,
				A20000010000000000000202 /* PasteboardReader.swift */,
				A20000010000000000000204 /* DataCleanupService.swift */,
				A20000010000000000000305 /* SnippetImportExport.swift */,
				A20000010000000000000400 /* HotKeyService.swift */,
				A20000010000000000000401 /* PasteService.swift */,
				A20000010000000000000402 /* AccessibilityService.swift */,
				A20000010000000000000502 /* ExcludeAppService.swift */,
			);
			path = Services;
			sourceTree = "<group>";
		};
		A70000010000000000000006 /* Views */ = {
			isa = PBXGroup;
			children = (
				A70000010000000000000200 /* MenuBar */,
				A70000010000000000000300 /* Snippets */,
				A70000010000000000000500 /* Preferences */,
				A70000010000000000000501 /* History */,
				A70000010000000000000600 /* Onboarding */,
			);
			path = Views;
			sourceTree = "<group>";
		};
		A70000010000000000000007 /* Resources */ = {
			isa = PBXGroup;
			children = (
				A20000010000000000000002 /* Assets.xcassets */,
				A20000010000000000000003 /* ClipySecure.entitlements */,
				A20000010000000000000004 /* Info.plist */,
				A20000010000000000000602 /* Localizable.xcstrings */,
				A20000010000000000000701 /* PrivacyInfo.xcprivacy */,
			);
			path = Resources;
			sourceTree = "<group>";
		};
		A70000010000000000000008 /* ClipySecureTests */ = {
			isa = PBXGroup;
			children = (
				A20000010000000000000010 /* ClipySecureTests.swift */,
			);
			path = ClipySecureTests;
			sourceTree = "<group>";
		};
		A70000010000000000000009 /* Products */ = {
			isa = PBXGroup;
			children = (
				A20000010000000000000005 /* ClipySecure.app */,
				A20000010000000000000011 /* ClipySecureTests.xctest */,
			);
			name = Products;
			sourceTree = "<group>";
		};
		A70000010000000000000105 /* ViewModels */ = {
			isa = PBXGroup;
			children = (
				A20000010000000000000302 /* SnippetEditorViewModel.swift */,
			);
			path = ViewModels;
			sourceTree = "<group>";
		};
		A70000010000000000000106 /* Extensions */ = {
			isa = PBXGroup;
			children = (
				A20000010000000000000101 /* String+Truncate.swift */,
				A20000010000000000000203 /* NSImage+Resize.swift */,
				A20000010000000000000250 /* Logger+App.swift */,
			);
			path = Extensions;
			sourceTree = "<group>";
		};
		A70000010000000000000107 /* Utilities */ = {
			isa = PBXGroup;
			children = (
				A20000010000000000000100 /* Constants.swift */,
				A20000010000000000000800 /* MarkdownDetector.swift */,
			);
			path = Utilities;
			sourceTree = "<group>";
		};
		A70000010000000000000200 /* MenuBar */ = {
			isa = PBXGroup;
			children = (
				A20000010000000000000105 /* StatusBarController.swift */,
				A20000010000000000000260 /* ClipMenuBuilder.swift */,
			);
			path = MenuBar;
			sourceTree = "<group>";
		};
		A70000010000000000000300 /* Snippets */ = {
			isa = PBXGroup;
			children = (
				A20000010000000000000303 /* SnippetEditorWindow.swift */,
				A20000010000000000000304 /* SnippetEditorView.swift */,
			);
			path = Snippets;
			sourceTree = "<group>";
		};
		A70000010000000000000500 /* Preferences */ = {
			isa = PBXGroup;
			children = (
				A20000010000000000000503 /* PreferencesWindow.swift */,
				A20000010000000000000504 /* GeneralSettingsView.swift */,
				A20000010000000000000505 /* MenuSettingsView.swift */,
				A20000010000000000000506 /* TypeSettingsView.swift */,
				A20000010000000000000507 /* ShortcutSettingsView.swift */,
				A20000010000000000000508 /* ExcludedAppsView.swift */,
				A20000010000000000000509 /* PrivacySettingsView.swift */,
			);
			path = Preferences;
			sourceTree = "<group>";
		};
		A70000010000000000000501 /* History */ = {
			isa = PBXGroup;
			children = (
				A20000010000000000000510 /* HistoryPanelController.swift */,
				A20000010000000000000511 /* HistoryListView.swift */,
				A20000010000000000000512 /* ClipItemRow.swift */,
			);
			path = History;
			sourceTree = "<group>";
		};
		A70000010000000000000600 /* Onboarding */ = {
			isa = PBXGroup;
			children = (
				A20000010000000000000600 /* OnboardingWindow.swift */,
				A20000010000000000000601 /* OnboardingView.swift */,
			);
			path = Onboarding;
			sourceTree = "<group>";
		};
/* End PBXGroup section */

/* Begin PBXNativeTarget section */
		A50000010000000000000001 /* ClipySecure */ = {
			isa = PBXNativeTarget;
			buildConfigurationList = A80000010000000000000003 /* Build configuration list for PBXNativeTarget "ClipySecure" */;
			buildPhases = (
				A50000030000000000000001 /* Sources */,
				A50000020000000000000001 /* Frameworks */,
				A50000040000000000000001 /* Resources */,
			);
			buildRules = (
			);
			dependencies = (
			);
			name = ClipySecure;
			packageProductDependencies = (
				A60000010000000000000001 /* GRDB */,
				A60000010000000000000002 /* KeyboardShortcuts */,
				A60000010000000000000003 /* Defaults */,
				A60000010000000000000004 /* LaunchAtLogin */,
			);
			productName = ClipySecure;
			productReference = A20000010000000000000005 /* ClipySecure.app */;
			productType = "com.apple.product-type.application";
		};
		A50000010000000000000002 /* ClipySecureTests */ = {
			isa = PBXNativeTarget;
			buildConfigurationList = A80000010000000000000006 /* Build configuration list for PBXNativeTarget "ClipySecureTests" */;
			buildPhases = (
				A50000030000000000000002 /* Sources */,
				A50000020000000000000002 /* Frameworks */,
			);
			buildRules = (
			);
			dependencies = (
				A30000020000000000000001 /* PBXTargetDependency */,
			);
			name = ClipySecureTests;
			productName = ClipySecureTests;
			productReference = A20000010000000000000011 /* ClipySecureTests.xctest */;
			productType = "com.apple.product-type.bundle.unit-test";
		};
/* End PBXNativeTarget section */

/* Begin PBXProject section */
		A40000010000000000000001 /* Project object */ = {
			isa = PBXProject;
			attributes = {
				BuildIndependentTargetsInParallel = 1;
				LastSwiftUpdateCheck = 1610;
				LastUpgradeCheck = 2610;
				TargetAttributes = {
					A50000010000000000000001 = {
						CreatedOnToolsVersion = 16.1;
					};
					A50000010000000000000002 = {
						CreatedOnToolsVersion = 16.1;
						TestTargetID = A50000010000000000000001;
					};
				};
			};
			buildConfigurationList = A80000010000000000000001 /* Build configuration list for PBXProject "ClipySecure" */;
			compatibilityVersion = "Xcode 14.0";
			developmentRegion = en;
			hasScannedForEncodings = 0;
			knownRegions = (
				en,
				Base,
				ja,
				de,
				it,
				"zh-Hans",
			);
			mainGroup = A70000010000000000000001;
			packageReferences = (
				A60000020000000000000001 /* XCRemoteSwiftPackageReference "GRDB.swift" */,
				A60000020000000000000002 /* XCRemoteSwiftPackageReference "KeyboardShortcuts" */,
				A60000020000000000000003 /* XCRemoteSwiftPackageReference "Defaults" */,
				A60000020000000000000004 /* XCRemoteSwiftPackageReference "LaunchAtLogin-Modern" */,
			);
			productRefGroup = A70000010000000000000009 /* Products */;
			projectDirPath = "";
			projectRoot = "";
			targets = (
				A50000010000000000000001 /* ClipySecure */,
				A50000010000000000000002 /* ClipySecureTests */,
			);
		};
/* End PBXProject section */

/* Begin PBXResourcesBuildPhase section */
		A50000040000000000000001 /* Resources */ = {
			isa = PBXResourcesBuildPhase;
			buildActionMask = 2147483647;
			files = (
				A10000010000000000000002 /* Assets.xcassets in Resources */,
				A10000010000000000000602 /* Localizable.xcstrings in Resources */,
				A10000010000000000000701 /* PrivacyInfo.xcprivacy in Resources */,
			);
			runOnlyForDeploymentPostprocessing = 0;
		};
/* End PBXResourcesBuildPhase section */

/* Begin PBXSourcesBuildPhase section */
		A50000030000000000000001 /* Sources */ = {
			isa = PBXSourcesBuildPhase;
			buildActionMask = 2147483647;
			files = (
				A10000010000000000000001 /* AppDelegate.swift in Sources */,
				A10000010000000000000100 /* Constants.swift in Sources */,
				A10000010000000000000101 /* String+Truncate.swift in Sources */,
				A10000010000000000000102 /* ClipItem.swift in Sources */,
				A10000010000000000000103 /* DatabaseService.swift in Sources */,
				A10000010000000000000104 /* ClipboardMonitor.swift in Sources */,
				A10000010000000000000105 /* StatusBarController.swift in Sources */,
				A10000010000000000000260 /* ClipMenuBuilder.swift in Sources */,
				A10000010000000000000106 /* main.swift in Sources */,
				A10000010000000000000900 /* WindowPresentation.swift in Sources */,
				A10000010000000000000901 /* MainMenu.swift in Sources */,
				A10000010000000000000200 /* EncryptionKeyManager.swift in Sources */,
				A10000010000000000000700 /* FieldEncryption.swift in Sources */,
				A10000010000000000000201 /* ClipContent.swift in Sources */,
				A10000010000000000000202 /* PasteboardReader.swift in Sources */,
				A10000010000000000000203 /* NSImage+Resize.swift in Sources */,
				A10000010000000000000250 /* Logger+App.swift in Sources */,
				A10000010000000000000204 /* DataCleanupService.swift in Sources */,
				A10000010000000000000300 /* SnippetFolder.swift in Sources */,
				A10000010000000000000301 /* Snippet.swift in Sources */,
				A10000010000000000000302 /* SnippetEditorViewModel.swift in Sources */,
				A10000010000000000000303 /* SnippetEditorWindow.swift in Sources */,
				A10000010000000000000304 /* SnippetEditorView.swift in Sources */,
				A10000010000000000000305 /* SnippetImportExport.swift in Sources */,
				A10000010000000000000400 /* HotKeyService.swift in Sources */,
				A10000010000000000000401 /* PasteService.swift in Sources */,
				A10000010000000000000402 /* AccessibilityService.swift in Sources */,
				A10000010000000000000500 /* AppSettings.swift in Sources */,
				A10000010000000000000501 /* ExcludedApp.swift in Sources */,
				A10000010000000000000502 /* ExcludeAppService.swift in Sources */,
				A10000010000000000000503 /* PreferencesWindow.swift in Sources */,
				A10000010000000000000504 /* GeneralSettingsView.swift in Sources */,
				A10000010000000000000505 /* MenuSettingsView.swift in Sources */,
				A10000010000000000000506 /* TypeSettingsView.swift in Sources */,
				A10000010000000000000507 /* ShortcutSettingsView.swift in Sources */,
				A10000010000000000000508 /* ExcludedAppsView.swift in Sources */,
				A10000010000000000000509 /* PrivacySettingsView.swift in Sources */,
				A10000010000000000000510 /* HistoryPanelController.swift in Sources */,
				A10000010000000000000511 /* HistoryListView.swift in Sources */,
				A10000010000000000000512 /* ClipItemRow.swift in Sources */,
				A10000010000000000000600 /* OnboardingWindow.swift in Sources */,
				A10000010000000000000601 /* OnboardingView.swift in Sources */,
				A10000010000000000000800 /* MarkdownDetector.swift in Sources */,
			);
			runOnlyForDeploymentPostprocessing = 0;
		};
		A50000030000000000000002 /* Sources */ = {
			isa = PBXSourcesBuildPhase;
			buildActionMask = 2147483647;
			files = (
				A10000010000000000000010 /* ClipySecureTests.swift in Sources */,
			);
			runOnlyForDeploymentPostprocessing = 0;
		};
/* End PBXSourcesBuildPhase section */

/* Begin PBXTargetDependency section */
		A30000020000000000000001 /* PBXTargetDependency */ = {
			isa = PBXTargetDependency;
			target = A50000010000000000000001 /* ClipySecure */;
			targetProxy = A30000010000000000000001 /* PBXContainerItemProxy */;
		};
/* End PBXTargetDependency section */

/* Begin XCBuildConfiguration section */
		A80000020000000000000001 /* Debug */ = {
			isa = XCBuildConfiguration;
			buildSettings = {
				ALWAYS_SEARCH_USER_PATHS = NO;
				ASSETCATALOG_COMPILER_GENERATE_SWIFT_ASSET_SYMBOL_EXTENSIONS = YES;
				CLANG_ANALYZER_NONNULL = YES;
				CLANG_ANALYZER_NUMBER_OBJECT_CONVERSION = YES_AGGRESSIVE;
				CLANG_CXX_LANGUAGE_STANDARD = "gnu++20";
				CLANG_ENABLE_MODULES = YES;
				CLANG_ENABLE_OBJC_ARC = YES;
				CLANG_ENABLE_OBJC_WEAK = YES;
				CLANG_WARN_BLOCK_CAPTURE_AUTORELEASING = YES;
				CLANG_WARN_BOOL_CONVERSION = YES;
				CLANG_WARN_COMMA = YES;
				CLANG_WARN_CONSTANT_CONVERSION = YES;
				CLANG_WARN_DEPRECATED_OBJC_IMPLEMENTATIONS = YES;
				CLANG_WARN_DIRECT_OBJC_ISA_USAGE = YES_ERROR;
				CLANG_WARN_DOCUMENTATION_COMMENTS = YES;
				CLANG_WARN_EMPTY_BODY = YES;
				CLANG_WARN_ENUM_CONVERSION = YES;
				CLANG_WARN_INFINITE_RECURSION = YES;
				CLANG_WARN_INT_CONVERSION = YES;
				CLANG_WARN_NON_LITERAL_NULL_CONVERSION = YES;
				CLANG_WARN_OBJC_IMPLICIT_RETAIN_SELF = YES;
				CLANG_WARN_OBJC_LITERAL_CONVERSION = YES;
				CLANG_WARN_OBJC_ROOT_CLASS = YES_ERROR;
				CLANG_WARN_QUOTED_INCLUDE_IN_FRAMEWORK_HEADER = YES;
				CLANG_WARN_RANGE_LOOP_ANALYSIS = YES;
				CLANG_WARN_STRICT_PROTOTYPES = YES;
				CLANG_WARN_SUSPICIOUS_MOVE = YES;
				CLANG_WARN_UNGUARDED_AVAILABILITY = YES_AGGRESSIVE;
				CLANG_WARN_UNREACHABLE_CODE = YES;
				CLANG_WARN__DUPLICATE_METHOD_MATCH = YES;
				COPY_PHASE_STRIP = NO;
				DEAD_CODE_STRIPPING = YES;
				DEBUG_INFORMATION_FORMAT = dwarf;
				ENABLE_STRICT_OBJC_MSGSEND = YES;
				ENABLE_TESTABILITY = YES;
				ENABLE_USER_SCRIPT_SANDBOXING = YES;
				GCC_C_LANGUAGE_STANDARD = gnu17;
				GCC_DYNAMIC_NO_PIC = NO;
				GCC_NO_COMMON_BLOCKS = YES;
				GCC_OPTIMIZATION_LEVEL = 0;
				GCC_PREPROCESSOR_DEFINITIONS = (
					"DEBUG=1",
					"$(inherited)",
				);
				GCC_WARN_64_TO_32_BIT_CONVERSION = YES;
				GCC_WARN_ABOUT_RETURN_TYPE = YES_ERROR;
				GCC_WARN_UNDECLARED_SELECTOR = YES;
				GCC_WARN_UNINITIALIZED_AUTOS = YES_AGGRESSIVE;
				GCC_WARN_UNUSED_FUNCTION = YES;
				GCC_WARN_UNUSED_VARIABLE = YES;
				MACOSX_DEPLOYMENT_TARGET = 14.0;
				MTL_ENABLE_DEBUG_INFO = INCLUDE_SOURCE;
				MTL_FAST_MATH = YES;
				ONLY_ACTIVE_ARCH = YES;
				SDKROOT = macosx;
				STRING_CATALOG_GENERATE_SYMBOLS = YES;
				SWIFT_ACTIVE_COMPILATION_CONDITIONS = "DEBUG $(inherited)";
				SWIFT_OPTIMIZATION_LEVEL = "-Onone";
				SWIFT_VERSION = 6.0;
			};
			name = Debug;
		};
		A80000020000000000000002 /* Release */ = {
			isa = XCBuildConfiguration;
			buildSettings = {
				ALWAYS_SEARCH_USER_PATHS = NO;
				ASSETCATALOG_COMPILER_GENERATE_SWIFT_ASSET_SYMBOL_EXTENSIONS = YES;
				CLANG_ANALYZER_NONNULL = YES;
				CLANG_ANALYZER_NUMBER_OBJECT_CONVERSION = YES_AGGRESSIVE;
				CLANG_CXX_LANGUAGE_STANDARD = "gnu++20";
				CLANG_ENABLE_MODULES = YES;
				CLANG_ENABLE_OBJC_ARC = YES;
				CLANG_ENABLE_OBJC_WEAK = YES;
				CLANG_WARN_BLOCK_CAPTURE_AUTORELEASING = YES;
				CLANG_WARN_BOOL_CONVERSION = YES;
				CLANG_WARN_COMMA = YES;
				CLANG_WARN_CONSTANT_CONVERSION = YES;
				CLANG_WARN_DEPRECATED_OBJC_IMPLEMENTATIONS = YES;
				CLANG_WARN_DIRECT_OBJC_ISA_USAGE = YES_ERROR;
				CLANG_WARN_DOCUMENTATION_COMMENTS = YES;
				CLANG_WARN_EMPTY_BODY = YES;
				CLANG_WARN_ENUM_CONVERSION = YES;
				CLANG_WARN_INFINITE_RECURSION = YES;
				CLANG_WARN_INT_CONVERSION = YES;
				CLANG_WARN_NON_LITERAL_NULL_CONVERSION = YES;
				CLANG_WARN_OBJC_IMPLICIT_RETAIN_SELF = YES;
				CLANG_WARN_OBJC_LITERAL_CONVERSION = YES;
				CLANG_WARN_OBJC_ROOT_CLASS = YES_ERROR;
				CLANG_WARN_QUOTED_INCLUDE_IN_FRAMEWORK_HEADER = YES;
				CLANG_WARN_RANGE_LOOP_ANALYSIS = YES;
				CLANG_WARN_STRICT_PROTOTYPES = YES;
				CLANG_WARN_SUSPICIOUS_MOVE = YES;
				CLANG_WARN_UNGUARDED_AVAILABILITY = YES_AGGRESSIVE;
				CLANG_WARN_UNREACHABLE_CODE = YES;
				CLANG_WARN__DUPLICATE_METHOD_MATCH = YES;
				COPY_PHASE_STRIP = NO;
				DEAD_CODE_STRIPPING = YES;
				DEBUG_INFORMATION_FORMAT = "dwarf-with-dsym";
				ENABLE_NS_ASSERTIONS = NO;
				ENABLE_STRICT_OBJC_MSGSEND = YES;
				ENABLE_USER_SCRIPT_SANDBOXING = YES;
				GCC_C_LANGUAGE_STANDARD = gnu17;
				GCC_NO_COMMON_BLOCKS = YES;
				GCC_WARN_64_TO_32_BIT_CONVERSION = YES;
				GCC_WARN_ABOUT_RETURN_TYPE = YES_ERROR;
				GCC_WARN_UNDECLARED_SELECTOR = YES;
				GCC_WARN_UNINITIALIZED_AUTOS = YES_AGGRESSIVE;
				GCC_WARN_UNUSED_FUNCTION = YES;
				GCC_WARN_UNUSED_VARIABLE = YES;
				MACOSX_DEPLOYMENT_TARGET = 14.0;
				MTL_ENABLE_DEBUG_INFO = NO;
				MTL_FAST_MATH = YES;
				SDKROOT = macosx;
				STRING_CATALOG_GENERATE_SYMBOLS = YES;
				SWIFT_COMPILATION_MODE = wholemodule;
				SWIFT_VERSION = 6.0;
			};
			name = Release;
		};
		A80000020000000000000004 /* Debug */ = {
			isa = XCBuildConfiguration;
			buildSettings = {
				ASSETCATALOG_COMPILER_APPICON_NAME = AppIcon;
				CODE_SIGN_ENTITLEMENTS = ClipySecure/Resources/ClipySecure.entitlements;
				CODE_SIGN_STYLE = Automatic;
				COMBINE_HIDPI_IMAGES = YES;
				CURRENT_PROJECT_VERSION = 1;
				DEAD_CODE_STRIPPING = YES;
				ENABLE_HARDENED_RUNTIME = YES;
				GENERATE_INFOPLIST_FILE = NO;
				INFOPLIST_FILE = ClipySecure/Resources/Info.plist;
				INFOPLIST_KEY_LSApplicationCategoryType = "public.app-category.utilities";
				INFOPLIST_KEY_NSHumanReadableCopyright = "Copyright 2026. All rights reserved.";
				LD_RUNPATH_SEARCH_PATHS = (
					"$(inherited)",
					"@executable_path/../Frameworks",
				);
				MARKETING_VERSION = 1.0.0;
				PRODUCT_BUNDLE_IDENTIFIER = com.clipysecure.app;
				PRODUCT_NAME = "$(TARGET_NAME)";
				SWIFT_EMIT_LOC_STRINGS = YES;
				SWIFT_STRICT_CONCURRENCY = complete;
				SWIFT_VERSION = 6.0;
			};
			name = Debug;
		};
		A80000020000000000000005 /* Release */ = {
			isa = XCBuildConfiguration;
			buildSettings = {
				ASSETCATALOG_COMPILER_APPICON_NAME = AppIcon;
				CODE_SIGN_ENTITLEMENTS = ClipySecure/Resources/ClipySecure.entitlements;
				CODE_SIGN_STYLE = Automatic;
				COMBINE_HIDPI_IMAGES = YES;
				CURRENT_PROJECT_VERSION = 1;
				DEAD_CODE_STRIPPING = YES;
				ENABLE_HARDENED_RUNTIME = YES;
				GENERATE_INFOPLIST_FILE = NO;
				INFOPLIST_FILE = ClipySecure/Resources/Info.plist;
				INFOPLIST_KEY_LSApplicationCategoryType = "public.app-category.utilities";
				INFOPLIST_KEY_NSHumanReadableCopyright = "Copyright 2026. All rights reserved.";
				LD_RUNPATH_SEARCH_PATHS = (
					"$(inherited)",
					"@executable_path/../Frameworks",
				);
				MARKETING_VERSION = 1.0.0;
				PRODUCT_BUNDLE_IDENTIFIER = com.clipysecure.app;
				PRODUCT_NAME = "$(TARGET_NAME)";
				SWIFT_EMIT_LOC_STRINGS = YES;
				SWIFT_STRICT_CONCURRENCY = complete;
				SWIFT_VERSION = 6.0;
			};
			name = Release;
		};
		A80000020000000000000007 /* Debug */ = {
			isa = XCBuildConfiguration;
			buildSettings = {
				BUNDLE_LOADER = "$(TEST_HOST)";
				CODE_SIGN_STYLE = Automatic;
				CURRENT_PROJECT_VERSION = 1;
				DEAD_CODE_STRIPPING = YES;
				GENERATE_INFOPLIST_FILE = YES;
				MACOSX_DEPLOYMENT_TARGET = 14.0;
				MARKETING_VERSION = 1.0;
				PRODUCT_BUNDLE_IDENTIFIER = com.clipysecure.tests;
				PRODUCT_NAME = "$(TARGET_NAME)";
				SWIFT_EMIT_LOC_STRINGS = NO;
				SWIFT_VERSION = 6.0;
				TEST_HOST = "$(BUILT_PRODUCTS_DIR)/ClipySecure.app/$(BUNDLE_EXECUTABLE_FOLDER_PATH)/ClipySecure";
			};
			name = Debug;
		};
		A80000020000000000000008 /* Release */ = {
			isa = XCBuildConfiguration;
			buildSettings = {
				BUNDLE_LOADER = "$(TEST_HOST)";
				CODE_SIGN_STYLE = Automatic;
				CURRENT_PROJECT_VERSION = 1;
				DEAD_CODE_STRIPPING = YES;
				GENERATE_INFOPLIST_FILE = YES;
				MACOSX_DEPLOYMENT_TARGET = 14.0;
				MARKETING_VERSION = 1.0;
				PRODUCT_BUNDLE_IDENTIFIER = com.clipysecure.tests;
				PRODUCT_NAME = "$(TARGET_NAME)";
				SWIFT_EMIT_LOC_STRINGS = NO;
				SWIFT_VERSION = 6.0;
				TEST_HOST = "$(BUILT_PRODUCTS_DIR)/ClipySecure.app/$(BUNDLE_EXECUTABLE_FOLDER_PATH)/ClipySecure";
			};
			name = Release;
		};
/* End XCBuildConfiguration section */

/* Begin XCConfigurationList section */
		A80000010000000000000001 /* Build configuration list for PBXProject "ClipySecure" */ = {
			isa = XCConfigurationList;
			buildConfigurations = (
				A80000020000000000000001 /* Debug */,
				A80000020000000000000002 /* Release */,
			);
			defaultConfigurationIsVisible = 0;
			defaultConfigurationName = Release;
		};
		A80000010000000000000003 /* Build configuration list for PBXNativeTarget "ClipySecure" */ = {
			isa = XCConfigurationList;
			buildConfigurations = (
				A80000020000000000000004 /* Debug */,
				A80000020000000000000005 /* Release */,
			);
			defaultConfigurationIsVisible = 0;
			defaultConfigurationName = Release;
		};
		A80000010000000000000006 /* Build configuration list for PBXNativeTarget "ClipySecureTests" */ = {
			isa = XCConfigurationList;
			buildConfigurations = (
				A80000020000000000000007 /* Debug */,
				A80000020000000000000008 /* Release */,
			);
			defaultConfigurationIsVisible = 0;
			defaultConfigurationName = Release;
		};
/* End XCConfigurationList section */

/* Begin XCRemoteSwiftPackageReference section */
		A60000020000000000000001 /* XCRemoteSwiftPackageReference "GRDB.swift" */ = {
			isa = XCRemoteSwiftPackageReference;
			repositoryURL = "https://github.com/groue/GRDB.swift.git";
			requirement = {
				kind = upToNextMajorVersion;
				minimumVersion = 7.0.0;
			};
		};
		A60000020000000000000002 /* XCRemoteSwiftPackageReference "KeyboardShortcuts" */ = {
			isa = XCRemoteSwiftPackageReference;
			repositoryURL = "https://github.com/sindresorhus/KeyboardShortcuts.git";
			requirement = {
				kind = upToNextMajorVersion;
				minimumVersion = 2.0.0;
			};
		};
		A60000020000000000000003 /* XCRemoteSwiftPackageReference "Defaults" */ = {
			isa = XCRemoteSwiftPackageReference;
			repositoryURL = "https://github.com/sindresorhus/Defaults.git";
			requirement = {
				kind = upToNextMajorVersion;
				minimumVersion = 9.0.0;
			};
		};
		A60000020000000000000004 /* XCRemoteSwiftPackageReference "LaunchAtLogin-Modern" */ = {
			isa = XCRemoteSwiftPackageReference;
			repositoryURL = "https://github.com/sindresorhus/LaunchAtLogin-Modern.git";
			requirement = {
				kind = upToNextMajorVersion;
				minimumVersion = 1.0.0;
			};
		};
/* End XCRemoteSwiftPackageReference section */

/* Begin XCSwiftPackageProductDependency section */
		A60000010000000000000001 /* GRDB */ = {
			isa = XCSwiftPackageProductDependency;
			package = A60000020000000000000001 /* XCRemoteSwiftPackageReference "GRDB.swift" */;
			productName = GRDB;
		};
		A60000010000000000000002 /* KeyboardShortcuts */ = {
			isa = XCSwiftPackageProductDependency;
			package = A60000020000000000000002 /* XCRemoteSwiftPackageReference "KeyboardShortcuts" */;
			productName = KeyboardShortcuts;
		};
		A60000010000000000000003 /* Defaults */ = {
			isa = XCSwiftPackageProductDependency;
			package = A60000020000000000000003 /* XCRemoteSwiftPackageReference "Defaults" */;
			productName = Defaults;
		};
		A60000010000000000000004 /* LaunchAtLogin */ = {
			isa = XCSwiftPackageProductDependency;
			package = A60000020000000000000004 /* XCRemoteSwiftPackageReference "LaunchAtLogin-Modern" */;
			productName = LaunchAtLogin;
		};
/* End XCSwiftPackageProductDependency section */
	};
	rootObject = A40000010000000000000001 /* Project object */;
}
